
Microsoft Visual Studio Solution File, Format Version 12.00
# Visual Studio 15
VisualStudioVersion = 15.0.27130.2027
MinimumVisualStudioVersion = 10.0.40219.1
Project("{9A19103F-16F7-4668-BE54-9A1E7A4F7556}") = "GuessWord", "GuessWord.csproj", "{0F81585B-3BC2-4AE2-8AFA-991DC1B42C2E}"
EndProject
Global
	GlobalSection(SolutionConfigurationPlatforms) = preSolution
		Debug|Any CPU = Debug|Any CPU
		Release|Any CPU = Release|Any CPU
	EndGlobalSection
	GlobalSection(ProjectConfigurationPlatforms) = postSolution
		{0F81585B-3BC2-4AE2-8AFA-991DC1B42C2E}.Debug|Any CPU.ActiveCfg = Debug|Any CPU
		{0F81585B-3BC2-4AE2-8AFA-991DC1B42C2E}.Debug|Any CPU.Build.0 = Debug|Any CPU
		{0F81585B-3BC2-4AE2-8AFA-991DC1B42C2E}.Release|Any CPU.ActiveCfg = Release|Any CPU
		{0F81585B-3BC2-4AE2-8AFA-991DC1B42C2E}.Release|Any CPU.Build.0 = Release|Any CPU
	EndGlobalSection
	GlobalSection(SolutionProperties) = preSolution
		HideSolutionNode = FALSE
	EndGlobalSection
	GlobalSection(ExtensibilityGlobals) = postSolution
		SolutionGuid = {77A76D32-D1FA-4599-9AF6-6950B8A8A42A}
	EndGlobalSection
EndGlobal
